
Microsoft Visual Studio Solution File, Format Version 12.00
# Visual Studio Version 16
VisualStudioVersion = 16.0.31229.75
MinimumVisualStudioVersion = 10.0.40219.1
Project("{FAE04EC0-301F-11D3-BF4B-00C04F79EFBC}") = "Lab10_Robot", "Lab10_Robot.csproj", "{5F6543ED-7DB0-4BED-BA86-6163D69AD532}"
EndProject
Global
	GlobalSection(SolutionConfigurationPlatforms) = preSolution
		Debug|Any CPU = Debug|Any CPU
		Release|Any CPU = Release|Any CPU
	EndGlobalSection
	GlobalSection(ProjectConfigurationPlatforms) = postSolution
		{5F6543ED-7DB0-4BED-BA86-6163D69AD532}.Debug|Any CPU.ActiveCfg = Debug|Any CPU
		{5F6543ED-7DB0-4BED-BA86-6163D69AD532}.Debug|Any CPU.Build.0 = Debug|Any CPU
		{5F6543ED-7DB0-4BED-BA86-6163D69AD532}.Release|Any CPU.ActiveCfg = Release|Any CPU
		{5F6543ED-7DB0-4BED-BA86-6163D69AD532}.Release|Any CPU.Build.0 = Release|Any CPU
	EndGlobalSection
	GlobalSection(SolutionProperties) = preSolution
		HideSolutionNode = FALSE
	EndGlobalSection
	GlobalSection(ExtensibilityGlobals) = postSolution
		SolutionGuid = {87F7278A-F898-4794-853A-AF14C19DBBFE}
	EndGlobalSection
EndGlobal
